<Solution>
  <Folder Name="/src/">
    <Project Path="src/OrderFlow.Application/OrderFlow.Application.csproj" />
    <Project Path="src/OrderFlow.Contracts/OrderFlow.Contracts.csproj" />
    <Project Path="src/OrderFlow.Domain/OrderFlow.Domain.csproj" />
    <Project Path="src/OrderFlow.Infrastructure/OrderFlow.Infrastructure.csproj" />
  </Folder>
  <Folder Name="/src/OrderFlow.Functions.OrderIntake/">
    <Project Path="src/OrderFlow.Functions.OrderIntake/OrderFlow_Functions_OrderIntake.csproj" />
  </Folder>
  <Folder Name="/src/OrderFlow.Functions.OrderProcessor/">
    <Project Path="src/OrderFlow.Functions.OrderProcessor/OrderFlow_Functions_OrderProcessor.csproj" />
  </Folder>
  <Folder Name="/tests/">
    <Project Path="tests/OrderFlow.Application.UnitTests/OrderFlow.Application.UnitTests.csproj" />
    <Project Path="tests/OrderFlow.ArchitectureTests/OrderFlow.ArchitectureTests.csproj" />
    <Project Path="tests/OrderFlow.Domain.UnitTests/OrderFlow.Domain.UnitTests.csproj" />
  </Folder>
</Solution>
